
Microsoft Visual Studio Solution File, Format Version 12.00
# Visual Studio Version 17
VisualStudioVersion = 17.0.31903.59
MinimumVisualStudioVersion = 10.0.40219.1
Project("{2150E333-8FDC-42A3-9474-1A3956D46DE8}") = "src", "src", "{D29B0001-7B7D-4DA6-83B7-818539DDD0F2}"
EndProject
Project("{FAE04EC0-301F-11D3-BF4B-00C04F79EFBC}") = "RapidPay.WebApi", "src\RapidPay.WebApi\RapidPay.WebApi.csproj", "{098AFB1C-780F-45D1-925A-A146EDE50DFD}"
EndProject
Project("{FAE04EC0-301F-11D3-BF4B-00C04F79EFBC}") = "RapidPay.Models", "src\RapidPay.Models\RapidPay.Models.csproj", "{E91321ED-7FAA-41DF-AC9E-E17C0A85BF62}"
EndProject
Project("{FAE04EC0-301F-11D3-BF4B-00C04F79EFBC}") = "RapidPay.Domain", "src\RapidPay.Domain\RapidPay.Domain.csproj", "{97FA1B11-4EA2-42D8-A34A-32BFD990AC49}"
EndProject
Global
	GlobalSection(SolutionConfigurationPlatforms) = preSolution
		Debug|Any CPU = Debug|Any CPU
		Release|Any CPU = Release|Any CPU
	EndGlobalSection
	GlobalSection(SolutionProperties) = preSolution
		HideSolutionNode = FALSE
	EndGlobalSection
	GlobalSection(ProjectConfigurationPlatforms) = postSolution
		{098AFB1C-780F-45D1-925A-A146EDE50DFD}.Debug|Any CPU.ActiveCfg = Debug|Any CPU
		{098AFB1C-780F-45D1-925A-A146EDE50DFD}.Debug|Any CPU.Build.0 = Debug|Any CPU
		{098AFB1C-780F-45D1-925A-A146EDE50DFD}.Release|Any CPU.ActiveCfg = Release|Any CPU
		{098AFB1C-780F-45D1-925A-A146EDE50DFD}.Release|Any CPU.Build.0 = Release|Any CPU
		{E91321ED-7FAA-41DF-AC9E-E17C0A85BF62}.Debug|Any CPU.ActiveCfg = Debug|Any CPU
		{E91321ED-7FAA-41DF-AC9E-E17C0A85BF62}.Debug|Any CPU.Build.0 = Debug|Any CPU
		{E91321ED-7FAA-41DF-AC9E-E17C0A85BF62}.Release|Any CPU.ActiveCfg = Release|Any CPU
		{E91321ED-7FAA-41DF-AC9E-E17C0A85BF62}.Release|Any CPU.Build.0 = Release|Any CPU
		{97FA1B11-4EA2-42D8-A34A-32BFD990AC49}.Debug|Any CPU.ActiveCfg = Debug|Any CPU
		{97FA1B11-4EA2-42D8-A34A-32BFD990AC49}.Debug|Any CPU.Build.0 = Debug|Any CPU
		{97FA1B11-4EA2-42D8-A34A-32BFD990AC49}.Release|Any CPU.ActiveCfg = Release|Any CPU
		{97FA1B11-4EA2-42D8-A34A-32BFD990AC49}.Release|Any CPU.Build.0 = Release|Any CPU
	EndGlobalSection
	GlobalSection(NestedProjects) = preSolution
		{098AFB1C-780F-45D1-925A-A146EDE50DFD} = {D29B0001-7B7D-4DA6-83B7-818539DDD0F2}
		{E91321ED-7FAA-41DF-AC9E-E17C0A85BF62} = {D29B0001-7B7D-4DA6-83B7-818539DDD0F2}
		{97FA1B11-4EA2-42D8-A34A-32BFD990AC49} = {D29B0001-7B7D-4DA6-83B7-818539DDD0F2}
	EndGlobalSection
EndGlobal
